
Microsoft Visual Studio Solution File, Format Version 12.00
# Visual Studio Version 16
VisualStudioVersion = 16.0.28729.10
MinimumVisualStudioVersion = 10.0.40219.1
Project("{2150E333-8FDC-42A3-9474-1A3956D46DE8}") = "Service", "Service", "{C980DF97-D427-4816-8D3D-3B4669A1F9B1}"
EndProject
Project("{2150E333-8FDC-42A3-9474-1A3956D46DE8}") = "Tests", "Tests", "{26C3EA8C-7525-4785-99B1-51E282700323}"
EndProject
Project("{9A19103F-16F7-4668-BE54-9A1E7A4F7556}") = "DSP.Console", "Service\DSP.Console\DSP.Console.csproj", "{A3B34239-22E3-4093-96A4-86C395E39EEE}"
EndProject
Project("{9A19103F-16F7-4668-BE54-9A1E7A4F7556}") = "Antenna.Console", "Service\Antenna.Console\Antenna.Console.csproj", "{36DD3554-C99C-4366-BD28-8FA8ADF6768E}"
EndProject
Project("{9A19103F-16F7-4668-BE54-9A1E7A4F7556}") = "AntennaLib", "Service\AntennaLib\AntennaLib.csproj", "{BE2536E2-40B2-42B4-8744-F284B9F4C327}"
EndProject
Project("{9A19103F-16F7-4668-BE54-9A1E7A4F7556}") = "BeamTest", "Tests\BeamTest\BeamTest.csproj", "{DBF706CE-B618-456D-A471-080D4FB8637D}"
EndProject
Project("{9A19103F-16F7-4668-BE54-9A1E7A4F7556}") = "BeamServiceTests", "Tests\BeamServiceTests\BeamServiceTests.csproj", "{20F4636A-5D97-4A65-913C-02749280E462}"
EndProject
Project("{9A19103F-16F7-4668-BE54-9A1E7A4F7556}") = "BeamForming", "BeamForming\BeamForming.csproj", "{8DC70259-1E41-4CE8-AB48-7474010D25E8}"
EndProject
Project("{9A19103F-16F7-4668-BE54-9A1E7A4F7556}") = "BeamService", "BeamService\BeamService.csproj", "{63CE552F-9B89-4631-8760-E5B36CEC7E30}"
EndProject
Project("{9A19103F-16F7-4668-BE54-9A1E7A4F7556}") = "DSP.Lib", "DSP.Lib\DSP.Lib.csproj", "{E8C01E55-D0A2-4607-8CEE-70B0BACA2D46}"
EndProject
Global
	GlobalSection(SolutionConfigurationPlatforms) = preSolution
		Debug|Any CPU = Debug|Any CPU
		Release|Any CPU = Release|Any CPU
	EndGlobalSection
	GlobalSection(ProjectConfigurationPlatforms) = postSolution
		{A3B34239-22E3-4093-96A4-86C395E39EEE}.Debug|Any CPU.ActiveCfg = Debug|Any CPU
		{A3B34239-22E3-4093-96A4-86C395E39EEE}.Debug|Any CPU.Build.0 = Debug|Any CPU
		{A3B34239-22E3-4093-96A4-86C395E39EEE}.Release|Any CPU.ActiveCfg = Release|Any CPU
		{A3B34239-22E3-4093-96A4-86C395E39EEE}.Release|Any CPU.Build.0 = Release|Any CPU
		{36DD3554-C99C-4366-BD28-8FA8ADF6768E}.Debug|Any CPU.ActiveCfg = Debug|Any CPU
		{36DD3554-C99C-4366-BD28-8FA8ADF6768E}.Debug|Any CPU.Build.0 = Debug|Any CPU
		{36DD3554-C99C-4366-BD28-8FA8ADF6768E}.Release|Any CPU.ActiveCfg = Release|Any CPU
		{36DD3554-C99C-4366-BD28-8FA8ADF6768E}.Release|Any CPU.Build.0 = Release|Any CPU
		{BE2536E2-40B2-42B4-8744-F284B9F4C327}.Debug|Any CPU.ActiveCfg = Debug|Any CPU
		{BE2536E2-40B2-42B4-8744-F284B9F4C327}.Debug|Any CPU.Build.0 = Debug|Any CPU
		{BE2536E2-40B2-42B4-8744-F284B9F4C327}.Release|Any CPU.ActiveCfg = Release|Any CPU
		{BE2536E2-40B2-42B4-8744-F284B9F4C327}.Release|Any CPU.Build.0 = Release|Any CPU
		{DBF706CE-B618-456D-A471-080D4FB8637D}.Debug|Any CPU.ActiveCfg = Debug|Any CPU
		{DBF706CE-B618-456D-A471-080D4FB8637D}.Debug|Any CPU.Build.0 = Debug|Any CPU
		{DBF706CE-B618-456D-A471-080D4FB8637D}.Release|Any CPU.ActiveCfg = Release|Any CPU
		{DBF706CE-B618-456D-A471-080D4FB8637D}.Release|Any CPU.Build.0 = Release|Any CPU
		{20F4636A-5D97-4A65-913C-02749280E462}.Debug|Any CPU.ActiveCfg = Debug|Any CPU
		{20F4636A-5D97-4A65-913C-02749280E462}.Debug|Any CPU.Build.0 = Debug|Any CPU
		{20F4636A-5D97-4A65-913C-02749280E462}.Release|Any CPU.ActiveCfg = Release|Any CPU
		{20F4636A-5D97-4A65-913C-02749280E462}.Release|Any CPU.Build.0 = Release|Any CPU
		{8DC70259-1E41-4CE8-AB48-7474010D25E8}.Debug|Any CPU.ActiveCfg = Debug|Any CPU
		{8DC70259-1E41-4CE8-AB48-7474010D25E8}.Debug|Any CPU.Build.0 = Debug|Any CPU
		{8DC70259-1E41-4CE8-AB48-7474010D25E8}.Release|Any CPU.ActiveCfg = Release|Any CPU
		{8DC70259-1E41-4CE8-AB48-7474010D25E8}.Release|Any CPU.Build.0 = Release|Any CPU
		{63CE552F-9B89-4631-8760-E5B36CEC7E30}.Debug|Any CPU.ActiveCfg = Debug|Any CPU
		{63CE552F-9B89-4631-8760-E5B36CEC7E30}.Debug|Any CPU.Build.0 = Debug|Any CPU
		{63CE552F-9B89-4631-8760-E5B36CEC7E30}.Release|Any CPU.ActiveCfg = Release|Any CPU
		{63CE552F-9B89-4631-8760-E5B36CEC7E30}.Release|Any CPU.Build.0 = Release|Any CPU
		{E8C01E55-D0A2-4607-8CEE-70B0BACA2D46}.Debug|Any CPU.ActiveCfg = Debug|Any CPU
		{E8C01E55-D0A2-4607-8CEE-70B0BACA2D46}.Debug|Any CPU.Build.0 = Debug|Any CPU
		{E8C01E55-D0A2-4607-8CEE-70B0BACA2D46}.Release|Any CPU.ActiveCfg = Release|Any CPU
		{E8C01E55-D0A2-4607-8CEE-70B0BACA2D46}.Release|Any CPU.Build.0 = Release|Any CPU
	EndGlobalSection
	GlobalSection(SolutionProperties) = preSolution
		HideSolutionNode = FALSE
	EndGlobalSection
	GlobalSection(NestedProjects) = preSolution
		{A3B34239-22E3-4093-96A4-86C395E39EEE} = {C980DF97-D427-4816-8D3D-3B4669A1F9B1}
		{36DD3554-C99C-4366-BD28-8FA8ADF6768E} = {C980DF97-D427-4816-8D3D-3B4669A1F9B1}
		{BE2536E2-40B2-42B4-8744-F284B9F4C327} = {C980DF97-D427-4816-8D3D-3B4669A1F9B1}
		{DBF706CE-B618-456D-A471-080D4FB8637D} = {26C3EA8C-7525-4785-99B1-51E282700323}
		{20F4636A-5D97-4A65-913C-02749280E462} = {26C3EA8C-7525-4785-99B1-51E282700323}
	EndGlobalSection
	GlobalSection(ExtensibilityGlobals) = postSolution
		SolutionGuid = {22E8FF6C-021F-41A0-BF4A-878476FE6BE5}
	EndGlobalSection
EndGlobal
