
Microsoft Visual Studio Solution File, Format Version 12.00
# Visual Studio 15
VisualStudioVersion = 15.0.26730.16
MinimumVisualStudioVersion = 10.0.40219.1
Project("{FAE04EC0-301F-11D3-BF4B-00C04F79EFBC}") = "BeamForming", "BeamForming\BeamForming.csproj", "{2B6BD465-F62A-4053-983A-034B9FC07284}"
EndProject
Project("{FAE04EC0-301F-11D3-BF4B-00C04F79EFBC}") = "BeamService", "BeamService\BeamService.csproj", "{CCC78748-4795-4404-B374-791547A6CD91}"
EndProject
Project("{FAE04EC0-301F-11D3-BF4B-00C04F79EFBC}") = "BeamTest", "BeamTest\BeamTest.csproj", "{A27AABDD-E651-4C68-BAC7-7B4324318742}"
EndProject
Project("{FAE04EC0-301F-11D3-BF4B-00C04F79EFBC}") = "BeamServiceTests", "BeamServiceTests\BeamServiceTests.csproj", "{D913FFB6-EE98-4366-8949-27EAD5CA1A8F}"
EndProject
Global
	GlobalSection(SolutionConfigurationPlatforms) = preSolution
		Debug|Any CPU = Debug|Any CPU
		Release|Any CPU = Release|Any CPU
	EndGlobalSection
	GlobalSection(ProjectConfigurationPlatforms) = postSolution
		{2B6BD465-F62A-4053-983A-034B9FC07284}.Debug|Any CPU.ActiveCfg = Debug|Any CPU
		{2B6BD465-F62A-4053-983A-034B9FC07284}.Debug|Any CPU.Build.0 = Debug|Any CPU
		{2B6BD465-F62A-4053-983A-034B9FC07284}.Release|Any CPU.ActiveCfg = Release|Any CPU
		{2B6BD465-F62A-4053-983A-034B9FC07284}.Release|Any CPU.Build.0 = Release|Any CPU
		{CCC78748-4795-4404-B374-791547A6CD91}.Debug|Any CPU.ActiveCfg = Debug|Any CPU
		{CCC78748-4795-4404-B374-791547A6CD91}.Debug|Any CPU.Build.0 = Debug|Any CPU
		{CCC78748-4795-4404-B374-791547A6CD91}.Release|Any CPU.ActiveCfg = Release|Any CPU
		{CCC78748-4795-4404-B374-791547A6CD91}.Release|Any CPU.Build.0 = Release|Any CPU
		{A27AABDD-E651-4C68-BAC7-7B4324318742}.Debug|Any CPU.ActiveCfg = Debug|Any CPU
		{A27AABDD-E651-4C68-BAC7-7B4324318742}.Debug|Any CPU.Build.0 = Debug|Any CPU
		{A27AABDD-E651-4C68-BAC7-7B4324318742}.Release|Any CPU.ActiveCfg = Release|Any CPU
		{A27AABDD-E651-4C68-BAC7-7B4324318742}.Release|Any CPU.Build.0 = Release|Any CPU
		{D913FFB6-EE98-4366-8949-27EAD5CA1A8F}.Debug|Any CPU.ActiveCfg = Debug|Any CPU
		{D913FFB6-EE98-4366-8949-27EAD5CA1A8F}.Debug|Any CPU.Build.0 = Debug|Any CPU
		{D913FFB6-EE98-4366-8949-27EAD5CA1A8F}.Release|Any CPU.ActiveCfg = Release|Any CPU
		{D913FFB6-EE98-4366-8949-27EAD5CA1A8F}.Release|Any CPU.Build.0 = Release|Any CPU
	EndGlobalSection
	GlobalSection(SolutionProperties) = preSolution
		HideSolutionNode = FALSE
	EndGlobalSection
	GlobalSection(ExtensibilityGlobals) = postSolution
		SolutionGuid = {22E8FF6C-021F-41A0-BF4A-878476FE6BE5}
	EndGlobalSection
EndGlobal
